
Microsoft Visual Studio Solution File, Format Version 12.00
# Visual Studio Version 17
VisualStudioVersion = 17.9.34714.143
MinimumVisualStudioVersion = 10.0.40219.1
Project("{FAE04EC0-301F-11D3-BF4B-00C04F79EFBC}") = "Foodtems", "Foodtems\Foodtems.csproj", "{EDC4B7D5-80C7-4978-9166-DB58C6B5E762}"
EndProject
Global
	GlobalSection(SolutionConfigurationPlatforms) = preSolution
		Debug|Any CPU = Debug|Any CPU
		Release|Any CPU = Release|Any CPU
	EndGlobalSection
	GlobalSection(ProjectConfigurationPlatforms) = postSolution
		{EDC4B7D5-80C7-4978-9166-DB58C6B5E762}.Debug|Any CPU.ActiveCfg = Debug|Any CPU
		{EDC4B7D5-80C7-4978-9166-DB58C6B5E762}.Debug|Any CPU.Build.0 = Debug|Any CPU
		{EDC4B7D5-80C7-4978-9166-DB58C6B5E762}.Release|Any CPU.ActiveCfg = Release|Any CPU
		{EDC4B7D5-80C7-4978-9166-DB58C6B5E762}.Release|Any CPU.Build.0 = Release|Any CPU
	EndGlobalSection
	GlobalSection(SolutionProperties) = preSolution
		HideSolutionNode = FALSE
	EndGlobalSection
	GlobalSection(ExtensibilityGlobals) = postSolution
		SolutionGuid = {B5EE562F-52A4-4D5B-BA47-10E11186C1C2}
	EndGlobalSection
EndGlobal
